
Microsoft Visual Studio Solution File, Format Version 12.00
# Visual Studio Version 17
VisualStudioVersion = 17.9.34723.18
MinimumVisualStudioVersion = 10.0.40219.1
Project("{FAE04EC0-301F-11D3-BF4B-00C04F79EFBC}") = "motorescritorio", "motorescritorio.csproj", "{E5059475-0B7A-4B8A-9624-614A480155E6}"
EndProject
Project("{2150E333-8FDC-42A3-9474-1A3956D46DE8}") = "Elementos de la solución", "Elementos de la solución", "{B78A0432-5586-47E7-8BA9-93066BAA1A73}"
	ProjectSection(SolutionItems) = preProject
		..\..\..\Downloads\control}\flecha-correcta.png = ..\..\..\Downloads\control}\flecha-correcta.png
		..\..\..\Downloads\control}\flecha-izquierda.png = ..\..\..\Downloads\control}\flecha-izquierda.png
		..\..\..\Downloads\control}\pausa.png = ..\..\..\Downloads\control}\pausa.png
	EndProjectSection
EndProject
Global
	GlobalSection(SolutionConfigurationPlatforms) = preSolution
		Debug|Any CPU = Debug|Any CPU
		Release|Any CPU = Release|Any CPU
	EndGlobalSection
	GlobalSection(ProjectConfigurationPlatforms) = postSolution
		{E5059475-0B7A-4B8A-9624-614A480155E6}.Debug|Any CPU.ActiveCfg = Debug|Any CPU
		{E5059475-0B7A-4B8A-9624-614A480155E6}.Debug|Any CPU.Build.0 = Debug|Any CPU
		{E5059475-0B7A-4B8A-9624-614A480155E6}.Release|Any CPU.ActiveCfg = Release|Any CPU
		{E5059475-0B7A-4B8A-9624-614A480155E6}.Release|Any CPU.Build.0 = Release|Any CPU
	EndGlobalSection
	GlobalSection(SolutionProperties) = preSolution
		HideSolutionNode = FALSE
	EndGlobalSection
	GlobalSection(ExtensibilityGlobals) = postSolution
		SolutionGuid = {B9078F69-EB60-4B2C-AC40-94BD8E32E7E2}
	EndGlobalSection
EndGlobal
